
Microsoft Visual Studio Solution File, Format Version 12.00
# Visual Studio Version 16
VisualStudioVersion = 16.0.29920.165
MinimumVisualStudioVersion = 10.0.40219.1
Project("{9A19103F-16F7-4668-BE54-9A1E7A4F7556}") = "MessageService", "MessageService\MessageService.csproj", "{4F661260-BB60-4CCE-9B08-402267219E94}"
EndProject
Project("{9A19103F-16F7-4668-BE54-9A1E7A4F7556}") = "UserService", "UserService\UserService.csproj", "{C23089D4-35F4-455F-92AA-37A2A498AFF3}"
EndProject
Project("{FAE04EC0-301F-11D3-BF4B-00C04F79EFBC}") = "AuthService", "AuthService\AuthService.csproj", "{62BAC106-5287-414A-99CA-D075C2E70E9E}"
EndProject
Project("{FAE04EC0-301F-11D3-BF4B-00C04F79EFBC}") = "ProfileService", "ProfileService\ProfileService.csproj", "{3D17E646-B1B1-4EA0-8A38-8CB2C7BCCF2C}"
EndProject
Global
	GlobalSection(SolutionConfigurationPlatforms) = preSolution
		Debug|Any CPU = Debug|Any CPU
		Release|Any CPU = Release|Any CPU
	EndGlobalSection
	GlobalSection(ProjectConfigurationPlatforms) = postSolution
		{4F661260-BB60-4CCE-9B08-402267219E94}.Debug|Any CPU.ActiveCfg = Debug|Any CPU
		{4F661260-BB60-4CCE-9B08-402267219E94}.Debug|Any CPU.Build.0 = Debug|Any CPU
		{4F661260-BB60-4CCE-9B08-402267219E94}.Release|Any CPU.ActiveCfg = Release|Any CPU
		{4F661260-BB60-4CCE-9B08-402267219E94}.Release|Any CPU.Build.0 = Release|Any CPU
		{C23089D4-35F4-455F-92AA-37A2A498AFF3}.Debug|Any CPU.ActiveCfg = Debug|Any CPU
		{C23089D4-35F4-455F-92AA-37A2A498AFF3}.Debug|Any CPU.Build.0 = Debug|Any CPU
		{C23089D4-35F4-455F-92AA-37A2A498AFF3}.Release|Any CPU.ActiveCfg = Release|Any CPU
		{C23089D4-35F4-455F-92AA-37A2A498AFF3}.Release|Any CPU.Build.0 = Release|Any CPU
		{62BAC106-5287-414A-99CA-D075C2E70E9E}.Debug|Any CPU.ActiveCfg = Debug|Any CPU
		{62BAC106-5287-414A-99CA-D075C2E70E9E}.Debug|Any CPU.Build.0 = Debug|Any CPU
		{62BAC106-5287-414A-99CA-D075C2E70E9E}.Release|Any CPU.ActiveCfg = Release|Any CPU
		{62BAC106-5287-414A-99CA-D075C2E70E9E}.Release|Any CPU.Build.0 = Release|Any CPU
		{3D17E646-B1B1-4EA0-8A38-8CB2C7BCCF2C}.Debug|Any CPU.ActiveCfg = Debug|Any CPU
		{3D17E646-B1B1-4EA0-8A38-8CB2C7BCCF2C}.Debug|Any CPU.Build.0 = Debug|Any CPU
		{3D17E646-B1B1-4EA0-8A38-8CB2C7BCCF2C}.Release|Any CPU.ActiveCfg = Release|Any CPU
		{3D17E646-B1B1-4EA0-8A38-8CB2C7BCCF2C}.Release|Any CPU.Build.0 = Release|Any CPU
	EndGlobalSection
	GlobalSection(SolutionProperties) = preSolution
		HideSolutionNode = FALSE
	EndGlobalSection
	GlobalSection(ExtensibilityGlobals) = postSolution
		SolutionGuid = {B7585B5A-A299-4DC9-827C-103D29BE8EC8}
	EndGlobalSection
EndGlobal
